{
  "originHash" : "3df9460e211716bdd2161e82e318be3bf49cc762fbd4cc8169f34dc64d233104",
  "pins" : [
    {
      "identity" : "sparkle",
      "kind" : "remoteSourceControl",
      "location" : "https://github.com/sparkle-project/Sparkle",
      "state" : {
        "revision" : "066e75a8b3e99962685d6a90cdd5293ebffd9261",
        "version" : "2.9.1"
      }
    },
    {
      "identity" : "yams",
      "kind" : "remoteSourceControl",
      "location" : "https://github.com/jpsim/Yams",
      "state" : {
        "revision" : "deaf82e867fa2cbd3cd865978b079bfcf384ac28",
        "version" : "6.2.1"
      }
    }
  ],
  "version" : 3
}
